
Microsoft Visual Studio Solution File, Format Version 12.00
# Visual Studio Version 18
VisualStudioVersion = 18.3.11520.95 d18.3
MinimumVisualStudioVersion = 10.0.40219.1
Project("{FAE04EC0-301F-11D3-BF4B-00C04F79EFBC}") = "ReXGlue_GUI", "ReXGlue_GUI.csproj", "{5324D95F-AF3C-B10C-34DF-D72E8C21917B}"
EndProject
Global
	GlobalSection(SolutionConfigurationPlatforms) = preSolution
		Debug|Any CPU = Debug|Any CPU
		Release|Any CPU = Release|Any CPU
	EndGlobalSection
	GlobalSection(ProjectConfigurationPlatforms) = postSolution
		{5324D95F-AF3C-B10C-34DF-D72E8C21917B}.Debug|Any CPU.ActiveCfg = Debug|Any CPU
		{5324D95F-AF3C-B10C-34DF-D72E8C21917B}.Debug|Any CPU.Build.0 = Debug|Any CPU
		{5324D95F-AF3C-B10C-34DF-D72E8C21917B}.Release|Any CPU.ActiveCfg = Release|Any CPU
		{5324D95F-AF3C-B10C-34DF-D72E8C21917B}.Release|Any CPU.Build.0 = Release|Any CPU
	EndGlobalSection
	GlobalSection(SolutionProperties) = preSolution
		HideSolutionNode = FALSE
	EndGlobalSection
	GlobalSection(ExtensibilityGlobals) = postSolution
		SolutionGuid = {2752B4D2-E477-4EA3-A40C-52DFBD25536E}
	EndGlobalSection
EndGlobal
